// !$*UTF8*$!
{
	archiveVersion = 1;
	classes = {
	};
	objectVersion = 50;
	objects = {

/* Begin PBXBuildFile section */
		EA5CA684250A53580078EA21 /* AppDelegate.swift in Sources */ = {isa = PBXBuildFile; fileRef = EA5CA683250A53580078EA21 /* AppDelegate.swift */; };
		EA5CA686250A53580078EA21 /* SceneDelegate.swift in Sources */ = {isa = PBXBuildFile; fileRef = EA5CA685250A53580078EA21 /* SceneDelegate.swift */; };
		EA5CA688250A53580078EA21 /* ViewController.swift in Sources */ = {isa = PBXBuildFile; fileRef = EA5CA687250A53580078EA21 /* ViewController.swift */; };
		EA5CA68B250A53580078EA21 /* Main.storyboard in Resources */ = {isa = PBXBuildFile; fileRef = EA5CA689250A53580078EA21 /* Main.storyboard */; };
		EA5CA68D250A53590078EA21 /* Assets.xcassets in Resources */ = {isa = PBXBuildFile; fileRef = EA5CA68C250A53590078EA21 /* Assets.xcassets */; };
		EA5CA690250A53590078EA21 /* LaunchScreen.storyboard in Resources */ = {isa = PBXBuildFile; fileRef = EA5CA68E250A53590078EA21 /* LaunchScreen.storyboard */; };
/* End PBXBuildFile section */

/* Begin PBXFileReference section */
		EA5CA680250A53580078EA21 /* gptwo-broadcast.app */ = {isa = PBXFileReference; explicitFileType = wrapper.application; includeInIndex = 0; path = "gptwo-broadcast.app"; sourceTree = BUILT_PRODUCTS_DIR; };
		EA5CA683250A53580078EA21 /* AppDelegate.swift */ = {isa = PBXFileReference; lastKnownFileType = sourcecode.swift; path = AppDelegate.swift; sourceTree = "<group>"; };
		EA5CA685250A53580078EA21 /* SceneDelegate.swift */ = {isa = PBXFileReference; lastKnownFileType = sourcecode.swift; path = SceneDelegate.swift; sourceTree = "<group>"; };
		EA5CA687250A53580078EA21 /* ViewController.swift */ = {isa = PBXFileReference; lastKnownFileType = sourcecode.swift; path = ViewController.swift; sourceTree = "<group>"; };
		EA5CA68A250A53580078EA21 /* Base */ = {isa = PBXFileReference; lastKnownFileType = file.storyboard; name = Base; path = Base.lproj/Main.storyboard; sourceTree = "<group>"; };
		EA5CA68C250A53590078EA21 /* Assets.xcassets */ = {isa = PBXFileReference; lastKnownFileType = folder.assetcatalog; path = Assets.xcassets; sourceTree = "<group>"; };
		EA5CA68F250A53590078EA21 /* Base */ = {isa = PBXFileReference; lastKnownFileType = file.storyboard; name = Base; path = Base.lproj/LaunchScreen.storyboard; sourceTree = "<group>"; };
		EA5CA691250A53590078EA21 /* Info.plist */ = {isa = PBXFileReference; lastKnownFileType = text.plist.xml; path = Info.plist; sourceTree = "<group>"; };
/* End PBXFileReference section */

/* Begin PBXFrameworksBuildPhase section */
		EA5CA67D250A53580078EA21 /* Frameworks */ = {
			isa = PBXFrameworksBuildPhase;
			buildActionMask = 2147483647;
			files = (
			);
			runOnlyForDeploymentPostprocessing = 0;
		};
/* End PBXFrameworksBuildPhase section */

/* Begin PBXGroup section */
		EA5CA677250A53560078EA21 = {
			isa = PBXGroup;
			children = (
				EA5CA682250A53580078EA21 /* gptwo-broadcast */,
				EA5CA681250A53580078EA21 /* Products */,
			);
			sourceTree = "<group>";
		};
		EA5CA681250A53580078EA21 /* Products */ = {
			isa = PBXGroup;
			children = (
				EA5CA680250A53580078EA21 /* gptwo-broadcast.app */,
			);
			name = Products;
			sourceTree = "<group>";
		};
		EA5CA682250A53580078EA21 /* gptwo-broadcast */ = {
			isa = PBXGroup;
			children = (
				EA5CA683250A53580078EA21 /* AppDelegate.swift */,
				EA5CA685250A53580078EA21 /* SceneDelegate.swift */,
				EA5CA687250A53580078EA21 /* ViewController.swift */,
				EA5CA689250A53580078EA21 /* Main.storyboard */,
				EA5CA68C250A53590078EA21 /* Assets.xcassets */,
				EA5CA68E250A53590078EA21 /* LaunchScreen.storyboard */,
				EA5CA691250A53590078EA21 /* Info.plist */,
			);
			path = "gptwo-broadcast";
			sourceTree = "<group>";
		};
/* End PBXGroup section */

/* Begin PBXNativeTarget section */
		EA5CA67F250A53580078EA21 /* gptwo-broadcast */ = {
			isa = PBXNativeTarget;
			buildConfigurationList = EA5CA694250A53590078EA21 /* Build configuration list for PBXNativeTarget "gptwo-broadcast" */;
			buildPhases = (
				EA5CA67C250A53580078EA21 /* Sources */,
				EA5CA67D250A53580078EA21 /* Frameworks */,
				EA5CA67E250A53580078EA21 /* Resources */,
			);
			buildRules = (
			);
			dependencies = (
			);
			name = "gptwo-broadcast";
			productName = "gptwo-broadcast";
			productReference = EA5CA680250A53580078EA21 /* gptwo-broadcast.app */;
			productType = "com.apple.product-type.application";
		};
/* End PBXNativeTarget section */

/* Begin PBXProject section */
		EA5CA678250A53560078EA21 /* Project object */ = {
			isa = PBXProject;
			attributes = {
				LastSwiftUpdateCheck = 1160;
				LastUpgradeCheck = 1160;
				ORGANIZATIONNAME = wgp;
				TargetAttributes = {
					EA5CA67F250A53580078EA21 = {
						CreatedOnToolsVersion = 11.6;
					};
				};
			};
			buildConfigurationList = EA5CA67B250A53560078EA21 /* Build configuration list for PBXProject "gptwo-broadcast" */;
			compatibilityVersion = "Xcode 9.3";
			developmentRegion = en;
			hasScannedForEncodings = 0;
			knownRegions = (
				en,
				Base,
			);
			mainGroup = EA5CA677250A53560078EA21;
			productRefGroup = EA5CA681250A53580078EA21 /* Products */;
			projectDirPath = "";
			projectRoot = "";
			targets = (
				EA5CA67F250A53580078EA21 /* gptwo-broadcast */,
			);
		};
/* End PBXProject section */

/* Begin PBXResourcesBuildPhase section */
		EA5CA67E250A53580078EA21 /* Resources */ = {
			isa = PBXResourcesBuildPhase;
			buildActionMask = 2147483647;
			files = (
				EA5CA690250A53590078EA21 /* LaunchScreen.storyboard in Resources */,
				EA5CA68D250A53590078EA21 /* Assets.xcassets in Resources */,
				EA5CA68B250A53580078EA21 /* Main.storyboard in Resources */,
			);
			runOnlyForDeploymentPostprocessing = 0;
		};
/* End PBXResourcesBuildPhase section */

/* Begin PBXSourcesBuildPhase section */
		EA5CA67C250A53580078EA21 /* Sources */ = {
			isa = PBXSourcesBuildPhase;
			buildActionMask = 2147483647;
			files = (
				EA5CA688250A53580078EA21 /* ViewController.swift in Sources */,
				EA5CA684250A53580078EA21 /* AppDelegate.swift in Sources */,
				EA5CA686250A53580078EA21 /* SceneDelegate.swift in Sources */,
			);
			runOnlyForDeploymentPostprocessing = 0;
		};
/* End PBXSourcesBuildPhase section */

/* Begin PBXVariantGroup section */
		EA5CA689250A53580078EA21 /* Main.storyboard */ = {
			isa = PBXVariantGroup;
			children = (
				EA5CA68A250A53580078EA21 /* Base */,
			);
			name = Main.storyboard;
			sourceTree = "<group>";
		};
		EA5CA68E250A53590078EA21 /* LaunchScreen.storyboard */ = {
			isa = PBXVariantGroup;
			children = (
				EA5CA68F250A53590078EA21 /* Base */,
			);
			name = LaunchScreen.storyboard;
			sourceTree = "<group>";
		};
/* End PBXVariantGroup section */

/* Begin XCBuildConfiguration section */
		EA5CA692250A53590078EA21 /* Debug */ = {
			isa = XCBuildConfiguration;
			buildSettings = {
				ALWAYS_SEARCH_USER_PATHS = NO;
				CLANG_ANALYZER_NONNULL = YES;
				CLANG_ANALYZER_NUMBER_OBJECT_CONVERSION = YES_AGGRESSIVE;
				CLANG_CXX_LANGUAGE_STANDARD = "gnu++14";
				CLANG_CXX_LIBRARY = "libc++";
				CLANG_ENABLE_MODULES = YES;
				CLANG_ENABLE_OBJC_ARC = YES;
				CLANG_ENABLE_OBJC_WEAK = YES;
				CLANG_WARN_BLOCK_CAPTURE_AUTORELEASING = YES;
				CLANG_WARN_BOOL_CONVERSION = YES;
				CLANG_WARN_COMMA = YES;
				CLANG_WARN_CONSTANT_CONVERSION = YES;
				CLANG_WARN_DEPRECATED_OBJC_IMPLEMENTATIONS = YES;
				CLANG_WARN_DIRECT_OBJC_ISA_USAGE = YES_ERROR;
				CLANG_WARN_DOCUMENTATION_COMMENTS = YES;
				CLANG_WARN_EMPTY_BODY = YES;
				CLANG_WARN_ENUM_CONVERSION = YES;
				CLANG_WARN_INFINITE_RECURSION = YES;
				CLANG_WARN_INT_CONVERSION = YES;
				CLANG_WARN_NON_LITERAL_NULL_CONVERSION = YES;
				CLANG_WARN_OBJC_IMPLICIT_RETAIN_SELF = YES;
				CLANG_WARN_OBJC_LITERAL_CONVERSION = YES;
				CLANG_WARN_OBJC_ROOT_CLASS = YES_ERROR;
				CLANG_WARN_RANGE_LOOP_ANALYSIS = YES;
				CLANG_WARN_STRICT_PROTOTYPES = YES;
				CLANG_WARN_SUSPICIOUS_MOVE = YES;
				CLANG_WARN_UNGUARDED_AVAILABILITY = YES_AGGRESSIVE;
				CLANG_WARN_UNREACHABLE_CODE = YES;
				CLANG_WARN__DUPLICATE_METHOD_MATCH = YES;
				COPY_PHASE_STRIP = NO;
				DEBUG_INFORMATION_FORMAT = dwarf;
				ENABLE_STRICT_OBJC_MSGSEND = YES;
				ENABLE_TESTABILITY = YES;
				GCC_C_LANGUAGE_STANDARD = gnu11;
				GCC_DYNAMIC_NO_PIC = NO;
				GCC_NO_COMMON_BLOCKS = YES;
				GCC_OPTIMIZATION_LEVEL = 0;
				GCC_PREPROCESSOR_DEFINITIONS = (
					"DEBUG=1",
					"$(inherited)",
				);
				GCC_WARN_64_TO_32_BIT_CONVERSION = YES;
				GCC_WARN_ABOUT_RETURN_TYPE = YES_ERROR;
				GCC_WARN_UNDECLARED_SELECTOR = YES;
				GCC_WARN_UNINITIALIZED_AUTOS = YES_AGGRESSIVE;
				GCC_WARN_UNUSED_FUNCTION = YES;
				GCC_WARN_UNUSED_VARIABLE = YES;
				IPHONEOS_DEPLOYMENT_TARGET = 13.6;
				MTL_ENABLE_DEBUG_INFO = INCLUDE_SOURCE;
				MTL_FAST_MATH = YES;
				ONLY_ACTIVE_ARCH = YES;
				SDKROOT = iphoneos;
				SWIFT_ACTIVE_COMPILATION_CONDITIONS = DEBUG;
				SWIFT_OPTIMIZATION_LEVEL = "-Onone";
			};
			name = Debug;
		};
		EA5CA693250A53590078EA21 /* Release */ = {
			isa = XCBuildConfiguration;
			buildSettings = {
				ALWAYS_SEARCH_USER_PATHS = NO;
				CLANG_ANALYZER_NONNULL = YES;
				CLANG_ANALYZER_NUMBER_OBJECT_CONVERSION = YES_AGGRESSIVE;
				CLANG_CXX_LANGUAGE_STANDARD = "gnu++14";
				CLANG_CXX_LIBRARY = "libc++";
				CLANG_ENABLE_MODULES = YES;
				CLANG_ENABLE_OBJC_ARC = YES;
				CLANG_ENABLE_OBJC_WEAK = YES;
				CLANG_WARN_BLOCK_CAPTURE_AUTORELEASING = YES;
				CLANG_WARN_BOOL_CONVERSION = YES;
				CLANG_WARN_COMMA = YES;
				CLANG_WARN_CONSTANT_CONVERSION = YES;
				CLANG_WARN_DEPRECATED_OBJC_IMPLEMENTATIONS = YES;
				CLANG_WARN_DIRECT_OBJC_ISA_USAGE = YES_ERROR;
				CLANG_WARN_DOCUMENTATION_COMMENTS = YES;
				CLANG_WARN_EMPTY_BODY = YES;
				CLANG_WARN_ENUM_CONVERSION = YES;
				CLANG_WARN_INFINITE_RECURSION = YES;
				CLANG_WARN_INT_CONVERSION = YES;
				CLANG_WARN_NON_LITERAL_NULL_CONVERSION = YES;
				CLANG_WARN_OBJC_IMPLICIT_RETAIN_SELF = YES;
				CLANG_WARN_OBJC_LITERAL_CONVERSION = YES;
				CLANG_WARN_OBJC_ROOT_CLASS = YES_ERROR;
				CLANG_WARN_RANGE_LOOP_ANALYSIS = YES;
				CLANG_WARN_STRICT_PROTOTYPES = YES;
				CLANG_WARN_SUSPICIOUS_MOVE = YES;
				CLANG_WARN_UNGUARDED_AVAILABILITY = YES_AGGRESSIVE;
				CLANG_WARN_UNREACHABLE_CODE = YES;
				CLANG_WARN__DUPLICATE_METHOD_MATCH = YES;
				COPY_PHASE_STRIP = NO;
				DEBUG_INFORMATION_FORMAT = "dwarf-with-dsym";
				ENABLE_NS_ASSERTIONS = NO;
				ENABLE_STRICT_OBJC_MSGSEND = YES;
				GCC_C_LANGUAGE_STANDARD = gnu11;
				GCC_NO_COMMON_BLOCKS = YES;
				GCC_WARN_64_TO_32_BIT_CONVERSION = YES;
				GCC_WARN_ABOUT_RETURN_TYPE = YES_ERROR;
				GCC_WARN_UNDECLARED_SELECTOR = YES;
				GCC_WARN_UNINITIALIZED_AUTOS = YES_AGGRESSIVE;
				GCC_WARN_UNUSED_FUNCTION = YES;
				GCC_WARN_UNUSED_VARIABLE = YES;
				IPHONEOS_DEPLOYMENT_TARGET = 13.6;
				MTL_ENABLE_DEBUG_INFO = NO;
				MTL_FAST_MATH = YES;
				SDKROOT = iphoneos;
				SWIFT_COMPILATION_MODE = wholemodule;
				SWIFT_OPTIMIZATION_LEVEL = "-O";
				VALIDATE_PRODUCT = YES;
			};
			name = Release;
		};
		EA5CA695250A53590078EA21 /* Debug */ = {
			isa = XCBuildConfiguration;
			buildSettings = {
				ASSETCATALOG_COMPILER_APPICON_NAME = AppIcon;
				CODE_SIGN_STYLE = Automatic;
				INFOPLIST_FILE = "gptwo-broadcast/Info.plist";
				LD_RUNPATH_SEARCH_PATHS = (
					"$(inherited)",
					"@executable_path/Frameworks",
				);
				PRODUCT_BUNDLE_IDENTIFIER = "com.meila.db.gptwo-broadcast";
				PRODUCT_NAME = "$(TARGET_NAME)";
				SWIFT_VERSION = 5.0;
				TARGETED_DEVICE_FAMILY = "1,2";
			};
			name = Debug;
		};
		EA5CA696250A53590078EA21 /* Release */ = {
			isa = XCBuildConfiguration;
			buildSettings = {
				ASSETCATALOG_COMPILER_APPICON_NAME = AppIcon;
				CODE_SIGN_STYLE = Automatic;
				INFOPLIST_FILE = "gptwo-broadcast/Info.plist";
				LD_RUNPATH_SEARCH_PATHS = (
					"$(inherited)",
					"@executable_path/Frameworks",
				);
				PRODUCT_BUNDLE_IDENTIFIER = "com.meila.db.gptwo-broadcast";
				PRODUCT_NAME = "$(TARGET_NAME)";
				SWIFT_VERSION = 5.0;
				TARGETED_DEVICE_FAMILY = "1,2";
			};
			name = Release;
		};
/* End XCBuildConfiguration section */

/* Begin XCConfigurationList section */
		EA5CA67B250A53560078EA21 /* Build configuration list for PBXProject "gptwo-broadcast" */ = {
			isa = XCConfigurationList;
			buildConfigurations = (
				EA5CA692250A53590078EA21 /* Debug */,
				EA5CA693250A53590078EA21 /* Release */,
			);
			defaultConfigurationIsVisible = 0;
			defaultConfigurationName = Release;
		};
		EA5CA694250A53590078EA21 /* Build configuration list for PBXNativeTarget "gptwo-broadcast" */ = {
			isa = XCConfigurationList;
			buildConfigurations = (
				EA5CA695250A53590078EA21 /* Debug */,
				EA5CA696250A53590078EA21 /* Release */,
			);
			defaultConfigurationIsVisible = 0;
			defaultConfigurationName = Release;
		};
/* End XCConfigurationList section */
	};
	rootObject = EA5CA678250A53560078EA21 /* Project object */;
}
